
Microsoft Visual Studio Solution File, Format Version 12.00
# Visual Studio Version 17
VisualStudioVersion = 17.8.34309.116
MinimumVisualStudioVersion = 10.0.40219.1
Project("{FAE04EC0-301F-11D3-BF4B-00C04F79EFBC}") = "SignalArTest", "SignalArTest\SignalArTest.csproj", "{8CC1498D-E19B-433A-9ACA-2AC5EC279B69}"
EndProject
Global
	GlobalSection(SolutionConfigurationPlatforms) = preSolution
		Debug|Any CPU = Debug|Any CPU
		Release|Any CPU = Release|Any CPU
	EndGlobalSection
	GlobalSection(ProjectConfigurationPlatforms) = postSolution
		{8CC1498D-E19B-433A-9ACA-2AC5EC279B69}.Debug|Any CPU.ActiveCfg = Debug|Any CPU
		{8CC1498D-E19B-433A-9ACA-2AC5EC279B69}.Debug|Any CPU.Build.0 = Debug|Any CPU
		{8CC1498D-E19B-433A-9ACA-2AC5EC279B69}.Release|Any CPU.ActiveCfg = Release|Any CPU
		{8CC1498D-E19B-433A-9ACA-2AC5EC279B69}.Release|Any CPU.Build.0 = Release|Any CPU
	EndGlobalSection
	GlobalSection(SolutionProperties) = preSolution
		HideSolutionNode = FALSE
	EndGlobalSection
	GlobalSection(ExtensibilityGlobals) = postSolution
		SolutionGuid = {ADF7D059-1753-49DD-A147-DE8CF03F4ABA}
	EndGlobalSection
EndGlobal
